// !$*UTF8*$!
{
	archiveVersion = 1;
	classes = {
	};
	objectVersion = 46;
	objects = {

/* Begin PBXBuildFile section */
		404CBC9B1AF8C94A0074C902 /* main.m in Sources */ = {isa = PBXBuildFile; fileRef = 404CBC9A1AF8C94A0074C902 /* main.m */; };
		404CBC9E1AF8C94A0074C902 /* AppDelegate.m in Sources */ = {isa = PBXBuildFile; fileRef = 404CBC9D1AF8C94A0074C902 /* AppDelegate.m */; };
		404CBCA11AF8C94A0074C902 /* ViewController.m in Sources */ = {isa = PBXBuildFile; fileRef = 404CBCA01AF8C94A0074C902 /* ViewController.m */; };
		404CBCA41AF8C94A0074C902 /* Main.storyboard in Resources */ = {isa = PBXBuildFile; fileRef = 404CBCA21AF8C94A0074C902 /* Main.storyboard */; };
		404CBCA61AF8C94A0074C902 /* Images.xcassets in Resources */ = {isa = PBXBuildFile; fileRef = 404CBCA51AF8C94A0074C902 /* Images.xcassets */; };
		404CBCA91AF8C94A0074C902 /* LaunchScreen.xib in Resources */ = {isa = PBXBuildFile; fileRef = 404CBCA71AF8C94A0074C902 /* LaunchScreen.xib */; };
		404CBCB51AF8C94A0074C902 /* UIPlacePickerDemoTests.m in Sources */ = {isa = PBXBuildFile; fileRef = 404CBCB41AF8C94A0074C902 /* UIPlacePickerDemoTests.m */; };
		404CBCC41AF8C99E0074C902 /* UIPlacePicker.m in Sources */ = {isa = PBXBuildFile; fileRef = 404CBCC11AF8C99E0074C902 /* UIPlacePicker.m */; };
		404CBCC51AF8C99E0074C902 /* UIPlacePicker.xib in Resources */ = {isa = PBXBuildFile; fileRef = 404CBCC21AF8C99E0074C902 /* UIPlacePicker.xib */; };
		404CBCC81AF90A470074C902 /* MapKit.framework in Frameworks */ = {isa = PBXBuildFile; fileRef = 404CBCC71AF90A470074C902 /* MapKit.framework */; };
		404CBCCA1AF90A540074C902 /* QuartzCore.framework in Frameworks */ = {isa = PBXBuildFile; fileRef = 404CBCC91AF90A540074C902 /* QuartzCore.framework */; };
/* End PBXBuildFile section */

/* Begin PBXContainerItemProxy section */
		404CBCAF1AF8C94A0074C902 /* PBXContainerItemProxy */ = {
			isa = PBXContainerItemProxy;
			containerPortal = 404CBC8D1AF8C94A0074C902 /* Project object */;
			proxyType = 1;
			remoteGlobalIDString = 404CBC941AF8C94A0074C902;
			remoteInfo = UIPlacePickerDemo;
		};
/* End PBXContainerItemProxy section */

/* Begin PBXFileReference section */
		404CBC951AF8C94A0074C902 /* UIPlacePickerDemo.app */ = {isa = PBXFileReference; explicitFileType = wrapper.application; includeInIndex = 0; path = UIPlacePickerDemo.app; sourceTree = BUILT_PRODUCTS_DIR; };
		404CBC991AF8C94A0074C902 /* Info.plist */ = {isa = PBXFileReference; lastKnownFileType = text.plist.xml; path = Info.plist; sourceTree = "<group>"; };
		404CBC9A1AF8C94A0074C902 /* main.m */ = {isa = PBXFileReference; lastKnownFileType = sourcecode.c.objc; path = main.m; sourceTree = "<group>"; };
		404CBC9C1AF8C94A0074C902 /* AppDelegate.h */ = {isa = PBXFileReference; lastKnownFileType = sourcecode.c.h; path = AppDelegate.h; sourceTree = "<group>"; };
		404CBC9D1AF8C94A0074C902 /* AppDelegate.m */ = {isa = PBXFileReference; lastKnownFileType = sourcecode.c.objc; path = AppDelegate.m; sourceTree = "<group>"; };
		404CBC9F1AF8C94A0074C902 /* ViewController.h */ = {isa = PBXFileReference; lastKnownFileType = sourcecode.c.h; path = ViewController.h; sourceTree = "<group>"; };
		404CBCA01AF8C94A0074C902 /* ViewController.m */ = {isa = PBXFileReference; lastKnownFileType = sourcecode.c.objc; path = ViewController.m; sourceTree = "<group>"; };
		404CBCA31AF8C94A0074C902 /* Base */ = {isa = PBXFileReference; lastKnownFileType = file.storyboard; name = Base; path = Base.lproj/Main.storyboard; sourceTree = "<group>"; };
		404CBCA51AF8C94A0074C902 /* Images.xcassets */ = {isa = PBXFileReference; lastKnownFileType = folder.assetcatalog; path = Images.xcassets; sourceTree = "<group>"; };
		404CBCA81AF8C94A0074C902 /* Base */ = {isa = PBXFileReference; lastKnownFileType = file.xib; name = Base; path = Base.lproj/LaunchScreen.xib; sourceTree = "<group>"; };
		404CBCAE1AF8C94A0074C902 /* UIPlacePickerDemoTests.xctest */ = {isa = PBXFileReference; explicitFileType = wrapper.cfbundle; includeInIndex = 0; path = UIPlacePickerDemoTests.xctest; sourceTree = BUILT_PRODUCTS_DIR; };
		404CBCB31AF8C94A0074C902 /* Info.plist */ = {isa = PBXFileReference; lastKnownFileType = text.plist.xml; path = Info.plist; sourceTree = "<group>"; };
		404CBCB41AF8C94A0074C902 /* UIPlacePickerDemoTests.m */ = {isa = PBXFileReference; lastKnownFileType = sourcecode.c.objc; path = UIPlacePickerDemoTests.m; sourceTree = "<group>"; };
		404CBCC01AF8C99E0074C902 /* UIPlacePicker.h */ = {isa = PBXFileReference; fileEncoding = 4; lastKnownFileType = sourcecode.c.h; name = UIPlacePicker.h; path = ../../UIPlacePicker/UIPlacePicker.h; sourceTree = "<group>"; };
		404CBCC11AF8C99E0074C902 /* UIPlacePicker.m */ = {isa = PBXFileReference; fileEncoding = 4; lastKnownFileType = sourcecode.c.objc; name = UIPlacePicker.m; path = ../../UIPlacePicker/UIPlacePicker.m; sourceTree = "<group>"; };
		404CBCC21AF8C99E0074C902 /* UIPlacePicker.xib */ = {isa = PBXFileReference; fileEncoding = 4; lastKnownFileType = file.xib; name = UIPlacePicker.xib; path = ../../UIPlacePicker/UIPlacePicker.xib; sourceTree = "<group>"; };
		404CBCC71AF90A470074C902 /* MapKit.framework */ = {isa = PBXFileReference; lastKnownFileType = wrapper.framework; name = MapKit.framework; path = System/Library/Frameworks/MapKit.framework; sourceTree = SDKROOT; };
		404CBCC91AF90A540074C902 /* QuartzCore.framework */ = {isa = PBXFileReference; lastKnownFileType = wrapper.framework; name = QuartzCore.framework; path = System/Library/Frameworks/QuartzCore.framework; sourceTree = SDKROOT; };
/* End PBXFileReference section */

/* Begin PBXFrameworksBuildPhase section */
		404CBC921AF8C94A0074C902 /* Frameworks */ = {
			isa = PBXFrameworksBuildPhase;
			buildActionMask = 2147483647;
			files = (
				404CBCCA1AF90A540074C902 /* QuartzCore.framework in Frameworks */,
				404CBCC81AF90A470074C902 /* MapKit.framework in Frameworks */,
			);
			runOnlyForDeploymentPostprocessing = 0;
		};
		404CBCAB1AF8C94A0074C902 /* Frameworks */ = {
			isa = PBXFrameworksBuildPhase;
			buildActionMask = 2147483647;
			files = (
			);
			runOnlyForDeploymentPostprocessing = 0;
		};
/* End PBXFrameworksBuildPhase section */

/* Begin PBXGroup section */
		404CBC8C1AF8C94A0074C902 = {
			isa = PBXGroup;
			children = (
				404CBCC91AF90A540074C902 /* QuartzCore.framework */,
				404CBCC71AF90A470074C902 /* MapKit.framework */,
				404CBC971AF8C94A0074C902 /* UIPlacePickerDemo */,
				404CBCB11AF8C94A0074C902 /* UIPlacePickerDemoTests */,
				404CBC961AF8C94A0074C902 /* Products */,
			);
			sourceTree = "<group>";
		};
		404CBC961AF8C94A0074C902 /* Products */ = {
			isa = PBXGroup;
			children = (
				404CBC951AF8C94A0074C902 /* UIPlacePickerDemo.app */,
				404CBCAE1AF8C94A0074C902 /* UIPlacePickerDemoTests.xctest */,
			);
			name = Products;
			sourceTree = "<group>";
		};
		404CBC971AF8C94A0074C902 /* UIPlacePickerDemo */ = {
			isa = PBXGroup;
			children = (
				404CBCC61AF8C9A10074C902 /* UIPlacePicker */,
				404CBC9C1AF8C94A0074C902 /* AppDelegate.h */,
				404CBC9D1AF8C94A0074C902 /* AppDelegate.m */,
				404CBC9F1AF8C94A0074C902 /* ViewController.h */,
				404CBCA01AF8C94A0074C902 /* ViewController.m */,
				404CBCA21AF8C94A0074C902 /* Main.storyboard */,
				404CBCA51AF8C94A0074C902 /* Images.xcassets */,
				404CBCA71AF8C94A0074C902 /* LaunchScreen.xib */,
				404CBC981AF8C94A0074C902 /* Supporting Files */,
			);
			path = UIPlacePickerDemo;
			sourceTree = "<group>";
		};
		404CBC981AF8C94A0074C902 /* Supporting Files */ = {
			isa = PBXGroup;
			children = (
				404CBC991AF8C94A0074C902 /* Info.plist */,
				404CBC9A1AF8C94A0074C902 /* main.m */,
			);
			name = "Supporting Files";
			sourceTree = "<group>";
		};
		404CBCB11AF8C94A0074C902 /* UIPlacePickerDemoTests */ = {
			isa = PBXGroup;
			children = (
				404CBCB41AF8C94A0074C902 /* UIPlacePickerDemoTests.m */,
				404CBCB21AF8C94A0074C902 /* Supporting Files */,
			);
			path = UIPlacePickerDemoTests;
			sourceTree = "<group>";
		};
		404CBCB21AF8C94A0074C902 /* Supporting Files */ = {
			isa = PBXGroup;
			children = (
				404CBCB31AF8C94A0074C902 /* Info.plist */,
			);
			name = "Supporting Files";
			sourceTree = "<group>";
		};
		404CBCC61AF8C9A10074C902 /* UIPlacePicker */ = {
			isa = PBXGroup;
			children = (
				404CBCC01AF8C99E0074C902 /* UIPlacePicker.h */,
				404CBCC11AF8C99E0074C902 /* UIPlacePicker.m */,
				404CBCC21AF8C99E0074C902 /* UIPlacePicker.xib */,
			);
			name = UIPlacePicker;
			sourceTree = "<group>";
		};
/* End PBXGroup section */

/* Begin PBXNativeTarget section */
		404CBC941AF8C94A0074C902 /* UIPlacePickerDemo */ = {
			isa = PBXNativeTarget;
			buildConfigurationList = 404CBCB81AF8C94A0074C902 /* Build configuration list for PBXNativeTarget "UIPlacePickerDemo" */;
			buildPhases = (
				404CBC911AF8C94A0074C902 /* Sources */,
				404CBC921AF8C94A0074C902 /* Frameworks */,
				404CBC931AF8C94A0074C902 /* Resources */,
			);
			buildRules = (
			);
			dependencies = (
			);
			name = UIPlacePickerDemo;
			productName = UIPlacePickerDemo;
			productReference = 404CBC951AF8C94A0074C902 /* UIPlacePickerDemo.app */;
			productType = "com.apple.product-type.application";
		};
		404CBCAD1AF8C94A0074C902 /* UIPlacePickerDemoTests */ = {
			isa = PBXNativeTarget;
			buildConfigurationList = 404CBCBB1AF8C94A0074C902 /* Build configuration list for PBXNativeTarget "UIPlacePickerDemoTests" */;
			buildPhases = (
				404CBCAA1AF8C94A0074C902 /* Sources */,
				404CBCAB1AF8C94A0074C902 /* Frameworks */,
				404CBCAC1AF8C94A0074C902 /* Resources */,
			);
			buildRules = (
			);
			dependencies = (
				404CBCB01AF8C94A0074C902 /* PBXTargetDependency */,
			);
			name = UIPlacePickerDemoTests;
			productName = UIPlacePickerDemoTests;
			productReference = 404CBCAE1AF8C94A0074C902 /* UIPlacePickerDemoTests.xctest */;
			productType = "com.apple.product-type.bundle.unit-test";
		};
/* End PBXNativeTarget section */

/* Begin PBXProject section */
		404CBC8D1AF8C94A0074C902 /* Project object */ = {
			isa = PBXProject;
			attributes = {
				LastUpgradeCheck = 0630;
				ORGANIZATIONNAME = "Albert Montserrat";
				TargetAttributes = {
					404CBC941AF8C94A0074C902 = {
						CreatedOnToolsVersion = 6.3.1;
					};
					404CBCAD1AF8C94A0074C902 = {
						CreatedOnToolsVersion = 6.3.1;
						TestTargetID = 404CBC941AF8C94A0074C902;
					};
				};
			};
			buildConfigurationList = 404CBC901AF8C94A0074C902 /* Build configuration list for PBXProject "UIPlacePickerDemo" */;
			compatibilityVersion = "Xcode 3.2";
			developmentRegion = English;
			hasScannedForEncodings = 0;
			knownRegions = (
				en,
				Base,
			);
			mainGroup = 404CBC8C1AF8C94A0074C902;
			productRefGroup = 404CBC961AF8C94A0074C902 /* Products */;
			projectDirPath = "";
			projectRoot = "";
			targets = (
				404CBC941AF8C94A0074C902 /* UIPlacePickerDemo */,
				404CBCAD1AF8C94A0074C902 /* UIPlacePickerDemoTests */,
			);
		};
/* End PBXProject section */

/* Begin PBXResourcesBuildPhase section */
		404CBC931AF8C94A0074C902 /* Resources */ = {
			isa = PBXResourcesBuildPhase;
			buildActionMask = 2147483647;
			files = (
				404CBCA41AF8C94A0074C902 /* Main.storyboard in Resources */,
				404CBCA91AF8C94A0074C902 /* LaunchScreen.xib in Resources */,
				404CBCA61AF8C94A0074C902 /* Images.xcassets in Resources */,
				404CBCC51AF8C99E0074C902 /* UIPlacePicker.xib in Resources */,
			);
			runOnlyForDeploymentPostprocessing = 0;
		};
		404CBCAC1AF8C94A0074C902 /* Resources */ = {
			isa = PBXResourcesBuildPhase;
			buildActionMask = 2147483647;
			files = (
			);
			runOnlyForDeploymentPostprocessing = 0;
		};
/* End PBXResourcesBuildPhase section */

/* Begin PBXSourcesBuildPhase section */
		404CBC911AF8C94A0074C902 /* Sources */ = {
			isa = PBXSourcesBuildPhase;
			buildActionMask = 2147483647;
			files = (
				404CBCA11AF8C94A0074C902 /* ViewController.m in Sources */,
				404CBC9E1AF8C94A0074C902 /* AppDelegate.m in Sources */,
				404CBCC41AF8C99E0074C902 /* UIPlacePicker.m in Sources */,
				404CBC9B1AF8C94A0074C902 /* main.m in Sources */,
			);
			runOnlyForDeploymentPostprocessing = 0;
		};
		404CBCAA1AF8C94A0074C902 /* Sources */ = {
			isa = PBXSourcesBuildPhase;
			buildActionMask = 2147483647;
			files = (
				404CBCB51AF8C94A0074C902 /* UIPlacePickerDemoTests.m in Sources */,
			);
			runOnlyForDeploymentPostprocessing = 0;
		};
/* End PBXSourcesBuildPhase section */

/* Begin PBXTargetDependency section */
		404CBCB01AF8C94A0074C902 /* PBXTargetDependency */ = {
			isa = PBXTargetDependency;
			target = 404CBC941AF8C94A0074C902 /* UIPlacePickerDemo */;
			targetProxy = 404CBCAF1AF8C94A0074C902 /* PBXContainerItemProxy */;
		};
/* End PBXTargetDependency section */

/* Begin PBXVariantGroup section */
		404CBCA21AF8C94A0074C902 /* Main.storyboard */ = {
			isa = PBXVariantGroup;
			children = (
				404CBCA31AF8C94A0074C902 /* Base */,
			);
			name = Main.storyboard;
			sourceTree = "<group>";
		};
		404CBCA71AF8C94A0074C902 /* LaunchScreen.xib */ = {
			isa = PBXVariantGroup;
			children = (
				404CBCA81AF8C94A0074C902 /* Base */,
			);
			name = LaunchScreen.xib;
			sourceTree = "<group>";
		};
/* End PBXVariantGroup section */

/* Begin XCBuildConfiguration section */
		404CBCB61AF8C94A0074C902 /* Debug */ = {
			isa = XCBuildConfiguration;
			buildSettings = {
				ALWAYS_SEARCH_USER_PATHS = NO;
				CLANG_CXX_LANGUAGE_STANDARD = "gnu++0x";
				CLANG_CXX_LIBRARY = "libc++";
				CLANG_ENABLE_MODULES = YES;
				CLANG_ENABLE_OBJC_ARC = YES;
				CLANG_WARN_BOOL_CONVERSION = YES;
				CLANG_WARN_CONSTANT_CONVERSION = YES;
				CLANG_WARN_DIRECT_OBJC_ISA_USAGE = YES_ERROR;
				CLANG_WARN_EMPTY_BODY = YES;
				CLANG_WARN_ENUM_CONVERSION = YES;
				CLANG_WARN_INT_CONVERSION = YES;
				CLANG_WARN_OBJC_ROOT_CLASS = YES_ERROR;
				CLANG_WARN_UNREACHABLE_CODE = YES;
				CLANG_WARN__DUPLICATE_METHOD_MATCH = YES;
				"CODE_SIGN_IDENTITY[sdk=iphoneos*]" = "iPhone Developer";
				COPY_PHASE_STRIP = NO;
				DEBUG_INFORMATION_FORMAT = "dwarf-with-dsym";
				ENABLE_STRICT_OBJC_MSGSEND = YES;
				GCC_C_LANGUAGE_STANDARD = gnu99;
				GCC_DYNAMIC_NO_PIC = NO;
				GCC_NO_COMMON_BLOCKS = YES;
				GCC_OPTIMIZATION_LEVEL = 0;
				GCC_PREPROCESSOR_DEFINITIONS = (
					"DEBUG=1",
					"$(inherited)",
				);
				GCC_SYMBOLS_PRIVATE_EXTERN = NO;
				GCC_WARN_64_TO_32_BIT_CONVERSION = YES;
				GCC_WARN_ABOUT_RETURN_TYPE = YES_ERROR;
				GCC_WARN_UNDECLARED_SELECTOR = YES;
				GCC_WARN_UNINITIALIZED_AUTOS = YES_AGGRESSIVE;
				GCC_WARN_UNUSED_FUNCTION = YES;
				GCC_WARN_UNUSED_VARIABLE = YES;
				IPHONEOS_DEPLOYMENT_TARGET = 6.0;
				MTL_ENABLE_DEBUG_INFO = YES;
				ONLY_ACTIVE_ARCH = YES;
				SDKROOT = iphoneos;
				TARGETED_DEVICE_FAMILY = "1,2";
			};
			name = Debug;
		};
		404CBCB71AF8C94A0074C902 /* Release */ = {
			isa = XCBuildConfiguration;
			buildSettings = {
				ALWAYS_SEARCH_USER_PATHS = NO;
				CLANG_CXX_LANGUAGE_STANDARD = "gnu++0x";
				CLANG_CXX_LIBRARY = "libc++";
				CLANG_ENABLE_MODULES = YES;
				CLANG_ENABLE_OBJC_ARC = YES;
				CLANG_WARN_BOOL_CONVERSION = YES;
				CLANG_WARN_CONSTANT_CONVERSION = YES;
				CLANG_WARN_DIRECT_OBJC_ISA_USAGE = YES_ERROR;
				CLANG_WARN_EMPTY_BODY = YES;
				CLANG_WARN_ENUM_CONVERSION = YES;
				CLANG_WARN_INT_CONVERSION = YES;
				CLANG_WARN_OBJC_ROOT_CLASS = YES_ERROR;
				CLANG_WARN_UNREACHABLE_CODE = YES;
				CLANG_WARN__DUPLICATE_METHOD_MATCH = YES;
				"CODE_SIGN_IDENTITY[sdk=iphoneos*]" = "iPhone Developer";
				COPY_PHASE_STRIP = NO;
				DEBUG_INFORMATION_FORMAT = "dwarf-with-dsym";
				ENABLE_NS_ASSERTIONS = NO;
				ENABLE_STRICT_OBJC_MSGSEND = YES;
				GCC_C_LANGUAGE_STANDARD = gnu99;
				GCC_NO_COMMON_BLOCKS = YES;
				GCC_WARN_64_TO_32_BIT_CONVERSION = YES;
				GCC_WARN_ABOUT_RETURN_TYPE = YES_ERROR;
				GCC_WARN_UNDECLARED_SELECTOR = YES;
				GCC_WARN_UNINITIALIZED_AUTOS = YES_AGGRESSIVE;
				GCC_WARN_UNUSED_FUNCTION = YES;
				GCC_WARN_UNUSED_VARIABLE = YES;
				IPHONEOS_DEPLOYMENT_TARGET = 6.0;
				MTL_ENABLE_DEBUG_INFO = NO;
				SDKROOT = iphoneos;
				TARGETED_DEVICE_FAMILY = "1,2";
				VALIDATE_PRODUCT = YES;
			};
			name = Release;
		};
		404CBCB91AF8C94A0074C902 /* Debug */ = {
			isa = XCBuildConfiguration;
			buildSettings = {
				ASSETCATALOG_COMPILER_APPICON_NAME = AppIcon;
				INFOPLIST_FILE = UIPlacePickerDemo/Info.plist;
				LD_RUNPATH_SEARCH_PATHS = "$(inherited) @executable_path/Frameworks";
				PRODUCT_NAME = "$(TARGET_NAME)";
			};
			name = Debug;
		};
		404CBCBA1AF8C94A0074C902 /* Release */ = {
			isa = XCBuildConfiguration;
			buildSettings = {
				ASSETCATALOG_COMPILER_APPICON_NAME = AppIcon;
				INFOPLIST_FILE = UIPlacePickerDemo/Info.plist;
				LD_RUNPATH_SEARCH_PATHS = "$(inherited) @executable_path/Frameworks";
				PRODUCT_NAME = "$(TARGET_NAME)";
			};
			name = Release;
		};
		404CBCBC1AF8C94A0074C902 /* Debug */ = {
			isa = XCBuildConfiguration;
			buildSettings = {
				BUNDLE_LOADER = "$(TEST_HOST)";
				FRAMEWORK_SEARCH_PATHS = (
					"$(SDKROOT)/Developer/Library/Frameworks",
					"$(inherited)",
				);
				GCC_PREPROCESSOR_DEFINITIONS = (
					"DEBUG=1",
					"$(inherited)",
				);
				INFOPLIST_FILE = UIPlacePickerDemoTests/Info.plist;
				LD_RUNPATH_SEARCH_PATHS = "$(inherited) @executable_path/Frameworks @loader_path/Frameworks";
				PRODUCT_NAME = "$(TARGET_NAME)";
				TEST_HOST = "$(BUILT_PRODUCTS_DIR)/UIPlacePickerDemo.app/UIPlacePickerDemo";
			};
			name = Debug;
		};
		404CBCBD1AF8C94A0074C902 /* Release */ = {
			isa = XCBuildConfiguration;
			buildSettings = {
				BUNDLE_LOADER = "$(TEST_HOST)";
				FRAMEWORK_SEARCH_PATHS = (
					"$(SDKROOT)/Developer/Library/Frameworks",
					"$(inherited)",
				);
				INFOPLIST_FILE = UIPlacePickerDemoTests/Info.plist;
				LD_RUNPATH_SEARCH_PATHS = "$(inherited) @executable_path/Frameworks @loader_path/Frameworks";
				PRODUCT_NAME = "$(TARGET_NAME)";
				TEST_HOST = "$(BUILT_PRODUCTS_DIR)/UIPlacePickerDemo.app/UIPlacePickerDemo";
			};
			name = Release;
		};
/* End XCBuildConfiguration section */

/* Begin XCConfigurationList section */
		404CBC901AF8C94A0074C902 /* Build configuration list for PBXProject "UIPlacePickerDemo" */ = {
			isa = XCConfigurationList;
			buildConfigurations = (
				404CBCB61AF8C94A0074C902 /* Debug */,
				404CBCB71AF8C94A0074C902 /* Release */,
			);
			defaultConfigurationIsVisible = 0;
			defaultConfigurationName = Release;
		};
		404CBCB81AF8C94A0074C902 /* Build configuration list for PBXNativeTarget "UIPlacePickerDemo" */ = {
			isa = XCConfigurationList;
			buildConfigurations = (
				404CBCB91AF8C94A0074C902 /* Debug */,
				404CBCBA1AF8C94A0074C902 /* Release */,
			);
			defaultConfigurationIsVisible = 0;
			defaultConfigurationName = Release;
		};
		404CBCBB1AF8C94A0074C902 /* Build configuration list for PBXNativeTarget "UIPlacePickerDemoTests" */ = {
			isa = XCConfigurationList;
			buildConfigurations = (
				404CBCBC1AF8C94A0074C902 /* Debug */,
				404CBCBD1AF8C94A0074C902 /* Release */,
			);
			defaultConfigurationIsVisible = 0;
			defaultConfigurationName = Release;
		};
/* End XCConfigurationList section */
	};
	rootObject = 404CBC8D1AF8C94A0074C902 /* Project object */;
}
